
Microsoft Visual Studio Solution File, Format Version 12.00
# Visual Studio Version 16
VisualStudioVersion = 16.0.32106.194
MinimumVisualStudioVersion = 10.0.40219.1
Project("{9A19103F-16F7-4668-BE54-9A1E7A4F7556}") = "JohaRepository", "JohaRepository\JohaRepository.csproj", "{F3F867E2-5332-414C-B0E8-8D718ACD91E5}"
EndProject
Project("{9A19103F-16F7-4668-BE54-9A1E7A4F7556}") = "AspNetCoreResult", "AspNetCoreResult\AspNetCoreResult.csproj", "{50B9AE3A-060E-470C-9D0F-AE133743189A}"
EndProject
Project("{2150E333-8FDC-42A3-9474-1A3956D46DE8}") = "web", "web", "{DFC23908-13C5-45A3-89E9-84ECEB01C5ED}"
EndProject
Project("{9A19103F-16F7-4668-BE54-9A1E7A4F7556}") = "WebAdmin", "web\WebAdmin\WebAdmin.csproj", "{A71018AC-11AA-4705-8F56-EC7742A3E46E}"
EndProject
Project("{2150E333-8FDC-42A3-9474-1A3956D46DE8}") = "Solution Items", "Solution Items", "{405A256C-FCFE-46BF-AB75-FF5B67E5BD7B}"
	ProjectSection(SolutionItems) = preProject
		README.md = README.md
	EndProjectSection
EndProject
Project("{2150E333-8FDC-42A3-9474-1A3956D46DE8}") = "Repositorys", "Repositorys", "{A755554E-3857-4FC3-A903-B73A649B3734}"
EndProject
Project("{9A19103F-16F7-4668-BE54-9A1E7A4F7556}") = "MongoRepository", "MongoRepository\MongoRepository.csproj", "{78797383-334D-458F-8512-2FD41D8C630E}"
EndProject
Project("{9A19103F-16F7-4668-BE54-9A1E7A4F7556}") = "RedisRepository", "RedisRepository\RedisRepository.csproj", "{6033D766-8AD4-4F09-A435-F667E599EE05}"
EndProject
Project("{9A19103F-16F7-4668-BE54-9A1E7A4F7556}") = "EntityRepository", "EntityRepository\EntityRepository.csproj", "{606FBFCB-9B3E-4171-B49D-4150A57B1557}"
EndProject
Project("{2150E333-8FDC-42A3-9474-1A3956D46DE8}") = "Logger", "Logger", "{BF28DB5A-C351-4C31-9E4E-1FC78B11F979}"
EndProject
Project("{9A19103F-16F7-4668-BE54-9A1E7A4F7556}") = "TelegramNotifier", "TelegramNotifier\TelegramNotifier.csproj", "{EC4DBA44-9CA1-4596-9777-3F146A60C6C0}"
EndProject
Project("{9A19103F-16F7-4668-BE54-9A1E7A4F7556}") = "JohaMongoLogger", "JohaMongoLogger\JohaMongoLogger.csproj", "{B7017AFF-BE6B-41B9-9B13-6A2EA5DB93AD}"
EndProject
Project("{2150E333-8FDC-42A3-9474-1A3956D46DE8}") = "Test", "Test", "{AEFE393B-719C-400F-8772-0A37812C8D6F}"
EndProject
Project("{FAE04EC0-301F-11D3-BF4B-00C04F79EFBC}") = "AspTest", "Test\AspTest\AspTest.csproj", "{3376A8C4-D3CA-46A6-82CB-02B474A85203}"
EndProject
Global
	GlobalSection(SolutionConfigurationPlatforms) = preSolution
		Debug|Any CPU = Debug|Any CPU
		Release|Any CPU = Release|Any CPU
	EndGlobalSection
	GlobalSection(ProjectConfigurationPlatforms) = postSolution
		{F3F867E2-5332-414C-B0E8-8D718ACD91E5}.Debug|Any CPU.ActiveCfg = Debug|Any CPU
		{F3F867E2-5332-414C-B0E8-8D718ACD91E5}.Debug|Any CPU.Build.0 = Debug|Any CPU
		{F3F867E2-5332-414C-B0E8-8D718ACD91E5}.Release|Any CPU.ActiveCfg = Release|Any CPU
		{F3F867E2-5332-414C-B0E8-8D718ACD91E5}.Release|Any CPU.Build.0 = Release|Any CPU
		{50B9AE3A-060E-470C-9D0F-AE133743189A}.Debug|Any CPU.ActiveCfg = Debug|Any CPU
		{50B9AE3A-060E-470C-9D0F-AE133743189A}.Debug|Any CPU.Build.0 = Debug|Any CPU
		{50B9AE3A-060E-470C-9D0F-AE133743189A}.Release|Any CPU.ActiveCfg = Release|Any CPU
		{50B9AE3A-060E-470C-9D0F-AE133743189A}.Release|Any CPU.Build.0 = Release|Any CPU
		{A71018AC-11AA-4705-8F56-EC7742A3E46E}.Debug|Any CPU.ActiveCfg = Debug|Any CPU
		{A71018AC-11AA-4705-8F56-EC7742A3E46E}.Debug|Any CPU.Build.0 = Debug|Any CPU
		{A71018AC-11AA-4705-8F56-EC7742A3E46E}.Release|Any CPU.ActiveCfg = Release|Any CPU
		{A71018AC-11AA-4705-8F56-EC7742A3E46E}.Release|Any CPU.Build.0 = Release|Any CPU
		{78797383-334D-458F-8512-2FD41D8C630E}.Debug|Any CPU.ActiveCfg = Debug|Any CPU
		{78797383-334D-458F-8512-2FD41D8C630E}.Debug|Any CPU.Build.0 = Debug|Any CPU
		{78797383-334D-458F-8512-2FD41D8C630E}.Release|Any CPU.ActiveCfg = Release|Any CPU
		{78797383-334D-458F-8512-2FD41D8C630E}.Release|Any CPU.Build.0 = Release|Any CPU
		{6033D766-8AD4-4F09-A435-F667E599EE05}.Debug|Any CPU.ActiveCfg = Debug|Any CPU
		{6033D766-8AD4-4F09-A435-F667E599EE05}.Debug|Any CPU.Build.0 = Debug|Any CPU
		{6033D766-8AD4-4F09-A435-F667E599EE05}.Release|Any CPU.ActiveCfg = Release|Any CPU
		{6033D766-8AD4-4F09-A435-F667E599EE05}.Release|Any CPU.Build.0 = Release|Any CPU
		{606FBFCB-9B3E-4171-B49D-4150A57B1557}.Debug|Any CPU.ActiveCfg = Debug|Any CPU
		{606FBFCB-9B3E-4171-B49D-4150A57B1557}.Debug|Any CPU.Build.0 = Debug|Any CPU
		{606FBFCB-9B3E-4171-B49D-4150A57B1557}.Release|Any CPU.ActiveCfg = Release|Any CPU
		{606FBFCB-9B3E-4171-B49D-4150A57B1557}.Release|Any CPU.Build.0 = Release|Any CPU
		{EC4DBA44-9CA1-4596-9777-3F146A60C6C0}.Debug|Any CPU.ActiveCfg = Debug|Any CPU
		{EC4DBA44-9CA1-4596-9777-3F146A60C6C0}.Debug|Any CPU.Build.0 = Debug|Any CPU
		{EC4DBA44-9CA1-4596-9777-3F146A60C6C0}.Release|Any CPU.ActiveCfg = Release|Any CPU
		{EC4DBA44-9CA1-4596-9777-3F146A60C6C0}.Release|Any CPU.Build.0 = Release|Any CPU
		{B7017AFF-BE6B-41B9-9B13-6A2EA5DB93AD}.Debug|Any CPU.ActiveCfg = Debug|Any CPU
		{B7017AFF-BE6B-41B9-9B13-6A2EA5DB93AD}.Debug|Any CPU.Build.0 = Debug|Any CPU
		{B7017AFF-BE6B-41B9-9B13-6A2EA5DB93AD}.Release|Any CPU.ActiveCfg = Release|Any CPU
		{B7017AFF-BE6B-41B9-9B13-6A2EA5DB93AD}.Release|Any CPU.Build.0 = Release|Any CPU
		{3376A8C4-D3CA-46A6-82CB-02B474A85203}.Debug|Any CPU.ActiveCfg = Debug|Any CPU
		{3376A8C4-D3CA-46A6-82CB-02B474A85203}.Debug|Any CPU.Build.0 = Debug|Any CPU
		{3376A8C4-D3CA-46A6-82CB-02B474A85203}.Release|Any CPU.ActiveCfg = Release|Any CPU
		{3376A8C4-D3CA-46A6-82CB-02B474A85203}.Release|Any CPU.Build.0 = Release|Any CPU
	EndGlobalSection
	GlobalSection(SolutionProperties) = preSolution
		HideSolutionNode = FALSE
	EndGlobalSection
	GlobalSection(NestedProjects) = preSolution
		{A71018AC-11AA-4705-8F56-EC7742A3E46E} = {DFC23908-13C5-45A3-89E9-84ECEB01C5ED}
		{78797383-334D-458F-8512-2FD41D8C630E} = {A755554E-3857-4FC3-A903-B73A649B3734}
		{6033D766-8AD4-4F09-A435-F667E599EE05} = {A755554E-3857-4FC3-A903-B73A649B3734}
		{606FBFCB-9B3E-4171-B49D-4150A57B1557} = {A755554E-3857-4FC3-A903-B73A649B3734}
		{B7017AFF-BE6B-41B9-9B13-6A2EA5DB93AD} = {BF28DB5A-C351-4C31-9E4E-1FC78B11F979}
		{3376A8C4-D3CA-46A6-82CB-02B474A85203} = {AEFE393B-719C-400F-8772-0A37812C8D6F}
	EndGlobalSection
	GlobalSection(ExtensibilityGlobals) = postSolution
		SolutionGuid = {7823A1C4-9725-485B-83E9-B0731F06CF0A}
	EndGlobalSection
EndGlobal
